
Microsoft Visual Studio Solution File, Format Version 12.00
# Visual Studio Version 16
VisualStudioVersion = 16.0.30011.22
MinimumVisualStudioVersion = 10.0.40219.1
Project("{9A19103F-16F7-4668-BE54-9A1E7A4F7556}") = "UniversityPlatformApi", "UniversityPlatformApi\UniversityPlatformApi.csproj", "{747193E5-28B8-491A-B3B0-DABB4EF0F997}"
EndProject
Project("{9A19103F-16F7-4668-BE54-9A1E7A4F7556}") = "UniversityPlatformApi.Data", "UniversityPlatformApi.Data\UniversityPlatformApi.Data.csproj", "{593801EE-066E-41CF-B59F-338A0496A0D9}"
EndProject
Project("{FAE04EC0-301F-11D3-BF4B-00C04F79EFBC}") = "UniversityPlatformApi.Repository", "UniversityPlatformApi.Repository\UniversityPlatformApi.Repository.csproj", "{09DE8CA5-E7A5-4CCF-9F75-3BAEA65EF7B3}"
EndProject
Project("{FAE04EC0-301F-11D3-BF4B-00C04F79EFBC}") = "UniversityPlatformApi.Service", "UniversityPlatformApi.Service\UniversityPlatformApi.Service.csproj", "{9360FAD2-3E73-45FD-B60D-93617C9CB820}"
EndProject
Global
	GlobalSection(SolutionConfigurationPlatforms) = preSolution
		Debug|Any CPU = Debug|Any CPU
		Release|Any CPU = Release|Any CPU
	EndGlobalSection
	GlobalSection(ProjectConfigurationPlatforms) = postSolution
		{747193E5-28B8-491A-B3B0-DABB4EF0F997}.Debug|Any CPU.ActiveCfg = Debug|Any CPU
		{747193E5-28B8-491A-B3B0-DABB4EF0F997}.Debug|Any CPU.Build.0 = Debug|Any CPU
		{747193E5-28B8-491A-B3B0-DABB4EF0F997}.Release|Any CPU.ActiveCfg = Release|Any CPU
		{747193E5-28B8-491A-B3B0-DABB4EF0F997}.Release|Any CPU.Build.0 = Release|Any CPU
		{593801EE-066E-41CF-B59F-338A0496A0D9}.Debug|Any CPU.ActiveCfg = Debug|Any CPU
		{593801EE-066E-41CF-B59F-338A0496A0D9}.Debug|Any CPU.Build.0 = Debug|Any CPU
		{593801EE-066E-41CF-B59F-338A0496A0D9}.Release|Any CPU.ActiveCfg = Release|Any CPU
		{593801EE-066E-41CF-B59F-338A0496A0D9}.Release|Any CPU.Build.0 = Release|Any CPU
		{09DE8CA5-E7A5-4CCF-9F75-3BAEA65EF7B3}.Debug|Any CPU.ActiveCfg = Debug|Any CPU
		{09DE8CA5-E7A5-4CCF-9F75-3BAEA65EF7B3}.Debug|Any CPU.Build.0 = Debug|Any CPU
		{09DE8CA5-E7A5-4CCF-9F75-3BAEA65EF7B3}.Release|Any CPU.ActiveCfg = Release|Any CPU
		{09DE8CA5-E7A5-4CCF-9F75-3BAEA65EF7B3}.Release|Any CPU.Build.0 = Release|Any CPU
		{9360FAD2-3E73-45FD-B60D-93617C9CB820}.Debug|Any CPU.ActiveCfg = Debug|Any CPU
		{9360FAD2-3E73-45FD-B60D-93617C9CB820}.Debug|Any CPU.Build.0 = Debug|Any CPU
		{9360FAD2-3E73-45FD-B60D-93617C9CB820}.Release|Any CPU.ActiveCfg = Release|Any CPU
		{9360FAD2-3E73-45FD-B60D-93617C9CB820}.Release|Any CPU.Build.0 = Release|Any CPU
	EndGlobalSection
	GlobalSection(SolutionProperties) = preSolution
		HideSolutionNode = FALSE
	EndGlobalSection
	GlobalSection(ExtensibilityGlobals) = postSolution
		SolutionGuid = {99C0B39C-1FD9-470D-8A1E-CB637B04055F}
	EndGlobalSection
EndGlobal
